
Microsoft Visual Studio Solution File, Format Version 12.00
# Visual Studio 15
VisualStudioVersion = 15.0.28307.106
MinimumVisualStudioVersion = 10.0.40219.1
Project("{FAE04EC0-301F-11D3-BF4B-00C04F79EFBC}") = "KNN", "KNN\KNN.csproj", "{AC2EA69D-EB60-4DD7-93E6-ADF984AD303A}"
EndProject
Global
	GlobalSection(SolutionConfigurationPlatforms) = preSolution
		Debug|Any CPU = Debug|Any CPU
		Release|Any CPU = Release|Any CPU
	EndGlobalSection
	GlobalSection(ProjectConfigurationPlatforms) = postSolution
		{AC2EA69D-EB60-4DD7-93E6-ADF984AD303A}.Debug|Any CPU.ActiveCfg = Debug|Any CPU
		{AC2EA69D-EB60-4DD7-93E6-ADF984AD303A}.Debug|Any CPU.Build.0 = Debug|Any CPU
		{AC2EA69D-EB60-4DD7-93E6-ADF984AD303A}.Release|Any CPU.ActiveCfg = Release|Any CPU
		{AC2EA69D-EB60-4DD7-93E6-ADF984AD303A}.Release|Any CPU.Build.0 = Release|Any CPU
	EndGlobalSection
	GlobalSection(SolutionProperties) = preSolution
		HideSolutionNode = FALSE
	EndGlobalSection
	GlobalSection(ExtensibilityGlobals) = postSolution
		SolutionGuid = {5EA648AB-97EC-4F5C-AEA4-7F89A4CF8E7C}
	EndGlobalSection
EndGlobal
